<?xml version="1.0" encoding="utf-8"?>
<Project ToolsVersion="4.0" xmlns="http://schemas.microsoft.com/developer/msbuild/2003">
  <ItemGroup>
    <Filter Include="源文件">
      <UniqueIdentifier>{4FC737F1-C7A5-4376-A066-2A32D752A2FF}</UniqueIdentifier>
      <Extensions>cpp;c;cc;cxx;def;odl;idl;hpj;bat;asm;asmx</Extensions>
    </Filter>
    <Filter Include="头文件">
      <UniqueIdentifier>{93995380-89BD-4b04-88EB-625FBE52EBFB}</UniqueIdentifier>
      <Extensions>h;hh;hpp;hxx;hm;inl;inc;xsd</Extensions>
    </Filter>
    <Filter Include="资源文件">
      <UniqueIdentifier>{67DA6AB6-F800-4c08-8B7A-83BB121AAD01}</UniqueIdentifier>
      <Extensions>rc;ico;cur;bmp;dlg;rc2;rct;bin;rgs;gif;jpg;jpeg;jpe;resx;tiff;tif;png;wav;mfcribbon-ms</Extensions>
    </Filter>
  </ItemGroup>
  <ItemGroup>
    <ClCompile Include="..\src\main.cpp">
      <Filter>源文件</Filter>
    </ClCompile>
    <ClCompile Include="..\src\Maid.cpp">
      <Filter>源文件</Filter>
    </ClCompile>
    <ClCompile Include="..\src\Object.cpp">
      <Filter>源文件</Filter>
    </ClCompile>
    <ClCompile Include="..\src\FlandreScarlet.cpp">
      <Filter>源文件</Filter>
    </ClCompile>
    <ClCompile Include="..\src\GameManager.cpp">
      <Filter>源文件</Filter>
    </ClCompile>
    <ClCompile Include="..\src\Map.cpp">
      <Filter>源文件</Filter>
    </ClCompile>
    <ClCompile Include="..\src\InfoManager.cpp">
      <Filter>源文件</Filter>
    </ClCompile>
    <ClCompile Include="..\src\MaidManager.cpp">
      <Filter>源文件</Filter>
    </ClCompile>
    <ClCompile Include="..\src\Tool.cpp">
      <Filter>源文件</Filter>
    </ClCompile>
    <ClCompile Include="..\src\Log.cpp">
      <Filter>源文件</Filter>
    </ClCompile>
    <ClCompile Include="..\src\Console.cpp">
      <Filter>源文件</Filter>
    </ClCompile>
  </ItemGroup>
  <ItemGroup>
    <ClInclude Include="..\src\MaidManager.h">
      <Filter>源文件</Filter>
    </ClInclude>
    <ClInclude Include="..\src\Maid.h">
      <Filter>源文件</Filter>
    </ClInclude>
    <ClInclude Include="..\src\Instruction.h">
      <Filter>源文件</Filter>
    </ClInclude>
    <ClInclude Include="..\src\Object.h">
      <Filter>源文件</Filter>
    </ClInclude>
    <ClInclude Include="..\src\FlandreScarlet.h">
      <Filter>源文件</Filter>
    </ClInclude>
    <ClInclude Include="..\src\GameManager.h">
      <Filter>源文件</Filter>
    </ClInclude>
    <ClInclude Include="..\src\InfoManager.h">
      <Filter>源文件</Filter>
    </ClInclude>
    <ClInclude Include="..\src\Map.h">
      <Filter>源文件</Filter>
    </ClInclude>
    <ClInclude Include="..\src\Vec2.hpp">
      <Filter>源文件</Filter>
    </ClInclude>
    <ClInclude Include="..\src\Constants.h">
      <Filter>源文件</Filter>
    </ClInclude>
    <ClInclude Include="..\src\SpriteSheet.h">
      <Filter>源文件</Filter>
    </ClInclude>
    <ClInclude Include="..\src\Tool.h">
      <Filter>源文件</Filter>
    </ClInclude>
    <ClInclude Include="..\src\Console.h">
      <Filter>源文件</Filter>
    </ClInclude>
    <ClInclude Include="..\src\Log.h">
      <Filter>源文件</Filter>
    </ClInclude>
  </ItemGroup>
  <ItemGroup>
    <Image Include="..\x64\Debug\box.tga">
      <Filter>资源文件</Filter>
    </Image>
    <Image Include="..\x64\Debug\oscar.png">
      <Filter>资源文件</Filter>
    </Image>
    <Image Include="..\x64\Debug\th.png">
      <Filter>资源文件</Filter>
    </Image>
  </ItemGroup>
</Project>